<?xml version="1.0" encoding="utf-8"?>
<Project ToolsVersion="4.0" xmlns="http://schemas.microsoft.com/developer/msbuild/2003">
  <ItemGroup>
    <ClInclude Include="resource.h">
      <Filter>Header Files</Filter>
    </ClInclude>
    <ClInclude Include="crypt.h">
      <Filter>Header Files</Filter>
    </ClInclude>
    <ClInclude Include="keygen.h">
      <Filter>Header Files</Filter>
    </ClInclude>
    <ClInclude Include="stub.h">
      <Filter>Header Files</Filter>
    </ClInclude>
    <ClInclude Include="preview.h">
      <Filter>Header Files</Filter>
    </ClInclude>
    <ClInclude Include="log.h">
      <Filter>Header Files</Filter>
    </ClInclude>
    <ClInclude Include="lang.h">
      <Filter>Header Files</Filter>
    </ClInclude>
  </ItemGroup>
  <ItemGroup>
    <ClCompile Include="main.cpp">
      <Filter>Source Files</Filter>
    </ClCompile>
    <ClCompile Include="crypt.cpp">
      <Filter>Source Files</Filter>
    </ClCompile>
    <ClCompile Include="keygen.cpp">
      <Filter>Source Files</Filter>
    </ClCompile>
    <ClCompile Include="stub.cpp">
      <Filter>Source Files</Filter>
    </ClCompile>
    <ClCompile Include="preview.cpp">
      <Filter>Source Files</Filter>
    </ClCompile>
    <ClCompile Include="log.cpp">
      <Filter>Source Files</Filter>
    </ClCompile>
  </ItemGroup>
  <ItemGroup>
    <ResourceCompile Include="WinCryptor.rc">
      <Filter>Resource Files</Filter>
    </ResourceCompile>
    <ResourceCompile Include="lang_ru.rc">
      <Filter>Resource Files</Filter>
    </ResourceCompile>
    <ResourceCompile Include="lang_en.rc">
      <Filter>Resource Files</Filter>
    </ResourceCompile>
  </ItemGroup>
  <ItemGroup>
    <Filter Include="Header Files">
      <UniqueIdentifier>{25c7b2d5-41e1-4b3f-b91e-8cfd5d2b559e}</UniqueIdentifier>
      <Extensions>h;hpp;hxx;hh</Extensions>
    </Filter>
    <Filter Include="Source Files">
      <UniqueIdentifier>{20b7b1e9-5c69-4775-bd01-4f3cbe6f2b90}</UniqueIdentifier>
      <Extensions>cpp;cxx;cc;c</Extensions>
    </Filter>
    <Filter Include="Resource Files">
      <UniqueIdentifier>{c3f8c7d9-9d3b-4b3e-9e7b-5c02d1d7bf1a}</UniqueIdentifier>
      <Extensions>rc;ico;cur;bmp;dlg;rc2;rct;bin;manifest</Extensions>
    </Filter>
  </ItemGroup>
</Project>
